// !$*UTF8*$!
{
	archiveVersion = 1;
	classes = {
	};
	objectVersion = 51;
	objects = {

/* Begin PBXBuildFile section */
		2D2FB6EF8A69C1ED677CAAEC /* Pods_UICollectionView1.framework in Frameworks */ = {isa = PBXBuildFile; fileRef = 93DCA64BF4540B5F63206B78 /* Pods_UICollectionView1.framework */; };
		584CD18322CD27BB00CA4215 /* AppDelegate.swift in Sources */ = {isa = PBXBuildFile; fileRef = 584CD18222CD27BB00CA4215 /* AppDelegate.swift */; };
		584CD18822CD27BB00CA4215 /* Main.storyboard in Resources */ = {isa = PBXBuildFile; fileRef = 584CD18622CD27BB00CA4215 /* Main.storyboard */; };
		584CD18A22CD27BD00CA4215 /* Assets.xcassets in Resources */ = {isa = PBXBuildFile; fileRef = 584CD18922CD27BD00CA4215 /* Assets.xcassets */; };
		584CD18D22CD27BD00CA4215 /* LaunchScreen.storyboard in Resources */ = {isa = PBXBuildFile; fileRef = 584CD18B22CD27BD00CA4215 /* LaunchScreen.storyboard */; };
		584CD19522CD342700CA4215 /* MainCollectionViewController.swift in Sources */ = {isa = PBXBuildFile; fileRef = 584CD19422CD342700CA4215 /* MainCollectionViewController.swift */; };
		584CD19722CD375200CA4215 /* Flicker.swift in Sources */ = {isa = PBXBuildFile; fileRef = 584CD19622CD375200CA4215 /* Flicker.swift */; };
		584CD19922CD523600CA4215 /* FlickrPhoto.swift in Sources */ = {isa = PBXBuildFile; fileRef = 584CD19822CD523600CA4215 /* FlickrPhoto.swift */; };
		584CD19B22CD5EE500CA4215 /* FlickrSearchResult.swift in Sources */ = {isa = PBXBuildFile; fileRef = 584CD19A22CD5EE500CA4215 /* FlickrSearchResult.swift */; };
		584CD19D22CD602A00CA4215 /* Result.swift in Sources */ = {isa = PBXBuildFile; fileRef = 584CD19C22CD602A00CA4215 /* Result.swift */; };
		584CD1A122D2EE7400CA4215 /* UIImageViewExtension.swift in Sources */ = {isa = PBXBuildFile; fileRef = 584CD1A022D2EE7400CA4215 /* UIImageViewExtension.swift */; };
		584CD1A522D2FD1000CA4215 /* MainCollectionViewCell.swift in Sources */ = {isa = PBXBuildFile; fileRef = 584CD1A422D2FD1000CA4215 /* MainCollectionViewCell.swift */; };
/* End PBXBuildFile section */

/* Begin PBXFileReference section */
		1A56EE57939E907A23875B00 /* Pods-UICollectionView1.debug.xcconfig */ = {isa = PBXFileReference; includeInIndex = 1; lastKnownFileType = text.xcconfig; name = "Pods-UICollectionView1.debug.xcconfig"; path = "Target Support Files/Pods-UICollectionView1/Pods-UICollectionView1.debug.xcconfig"; sourceTree = "<group>"; };
		584CD17F22CD27BB00CA4215 /* UICollectionView1.app */ = {isa = PBXFileReference; explicitFileType = wrapper.application; includeInIndex = 0; path = UICollectionView1.app; sourceTree = BUILT_PRODUCTS_DIR; };
		584CD18222CD27BB00CA4215 /* AppDelegate.swift */ = {isa = PBXFileReference; lastKnownFileType = sourcecode.swift; path = AppDelegate.swift; sourceTree = "<group>"; };
		584CD18722CD27BB00CA4215 /* Base */ = {isa = PBXFileReference; lastKnownFileType = file.storyboard; name = Base; path = Base.lproj/Main.storyboard; sourceTree = "<group>"; };
		584CD18922CD27BD00CA4215 /* Assets.xcassets */ = {isa = PBXFileReference; lastKnownFileType = folder.assetcatalog; path = Assets.xcassets; sourceTree = "<group>"; };
		584CD18C22CD27BD00CA4215 /* Base */ = {isa = PBXFileReference; lastKnownFileType = file.storyboard; name = Base; path = Base.lproj/LaunchScreen.storyboard; sourceTree = "<group>"; };
		584CD18E22CD27BD00CA4215 /* Info.plist */ = {isa = PBXFileReference; lastKnownFileType = text.plist.xml; path = Info.plist; sourceTree = "<group>"; };
		584CD19422CD342700CA4215 /* MainCollectionViewController.swift */ = {isa = PBXFileReference; lastKnownFileType = sourcecode.swift; path = MainCollectionViewController.swift; sourceTree = "<group>"; };
		584CD19622CD375200CA4215 /* Flicker.swift */ = {isa = PBXFileReference; lastKnownFileType = sourcecode.swift; path = Flicker.swift; sourceTree = "<group>"; };
		584CD19822CD523600CA4215 /* FlickrPhoto.swift */ = {isa = PBXFileReference; lastKnownFileType = sourcecode.swift; path = FlickrPhoto.swift; sourceTree = "<group>"; };
		584CD19A22CD5EE500CA4215 /* FlickrSearchResult.swift */ = {isa = PBXFileReference; lastKnownFileType = sourcecode.swift; path = FlickrSearchResult.swift; sourceTree = "<group>"; };
		584CD19C22CD602A00CA4215 /* Result.swift */ = {isa = PBXFileReference; lastKnownFileType = sourcecode.swift; path = Result.swift; sourceTree = "<group>"; };
		584CD1A022D2EE7400CA4215 /* UIImageViewExtension.swift */ = {isa = PBXFileReference; lastKnownFileType = sourcecode.swift; path = UIImageViewExtension.swift; sourceTree = "<group>"; };
		584CD1A422D2FD1000CA4215 /* MainCollectionViewCell.swift */ = {isa = PBXFileReference; fileEncoding = 4; lastKnownFileType = sourcecode.swift; path = MainCollectionViewCell.swift; sourceTree = "<group>"; };
		5AE25EE4CF064F5C2B83335A /* Pods-UICollectionView1.release.xcconfig */ = {isa = PBXFileReference; includeInIndex = 1; lastKnownFileType = text.xcconfig; name = "Pods-UICollectionView1.release.xcconfig"; path = "Target Support Files/Pods-UICollectionView1/Pods-UICollectionView1.release.xcconfig"; sourceTree = "<group>"; };
		93DCA64BF4540B5F63206B78 /* Pods_UICollectionView1.framework */ = {isa = PBXFileReference; explicitFileType = wrapper.framework; includeInIndex = 0; path = Pods_UICollectionView1.framework; sourceTree = BUILT_PRODUCTS_DIR; };
/* End PBXFileReference section */

/* Begin PBXFrameworksBuildPhase section */
		584CD17C22CD27BB00CA4215 /* Frameworks */ = {
			isa = PBXFrameworksBuildPhase;
			buildActionMask = 2147483647;
			files = (
				2D2FB6EF8A69C1ED677CAAEC /* Pods_UICollectionView1.framework in Frameworks */,
			);
			runOnlyForDeploymentPostprocessing = 0;
		};
/* End PBXFrameworksBuildPhase section */

/* Begin PBXGroup section */
		5383B832D6304628A9B25FF3 /* Frameworks */ = {
			isa = PBXGroup;
			children = (
				93DCA64BF4540B5F63206B78 /* Pods_UICollectionView1.framework */,
			);
			name = Frameworks;
			sourceTree = "<group>";
		};
		560EE7A5006365803335B278 /* Pods */ = {
			isa = PBXGroup;
			children = (
				1A56EE57939E907A23875B00 /* Pods-UICollectionView1.debug.xcconfig */,
				5AE25EE4CF064F5C2B83335A /* Pods-UICollectionView1.release.xcconfig */,
			);
			path = Pods;
			sourceTree = "<group>";
		};
		584CD17622CD27BB00CA4215 = {
			isa = PBXGroup;
			children = (
				584CD18122CD27BB00CA4215 /* UICollectionView1 */,
				584CD18022CD27BB00CA4215 /* Products */,
				560EE7A5006365803335B278 /* Pods */,
				5383B832D6304628A9B25FF3 /* Frameworks */,
			);
			sourceTree = "<group>";
		};
		584CD18022CD27BB00CA4215 /* Products */ = {
			isa = PBXGroup;
			children = (
				584CD17F22CD27BB00CA4215 /* UICollectionView1.app */,
			);
			name = Products;
			sourceTree = "<group>";
		};
		584CD18122CD27BB00CA4215 /* UICollectionView1 */ = {
			isa = PBXGroup;
			children = (
				584CD1A422D2FD1000CA4215 /* MainCollectionViewCell.swift */,
				584CD18222CD27BB00CA4215 /* AppDelegate.swift */,
				584CD19422CD342700CA4215 /* MainCollectionViewController.swift */,
				584CD19A22CD5EE500CA4215 /* FlickrSearchResult.swift */,
				584CD19822CD523600CA4215 /* FlickrPhoto.swift */,
				584CD19622CD375200CA4215 /* Flicker.swift */,
				584CD19C22CD602A00CA4215 /* Result.swift */,
				584CD18622CD27BB00CA4215 /* Main.storyboard */,
				584CD1A022D2EE7400CA4215 /* UIImageViewExtension.swift */,
				584CD18922CD27BD00CA4215 /* Assets.xcassets */,
				584CD18B22CD27BD00CA4215 /* LaunchScreen.storyboard */,
				584CD18E22CD27BD00CA4215 /* Info.plist */,
			);
			path = UICollectionView1;
			sourceTree = "<group>";
		};
/* End PBXGroup section */

/* Begin PBXNativeTarget section */
		584CD17E22CD27BB00CA4215 /* UICollectionView1 */ = {
			isa = PBXNativeTarget;
			buildConfigurationList = 584CD19122CD27BD00CA4215 /* Build configuration list for PBXNativeTarget "UICollectionView1" */;
			buildPhases = (
				A8CCA07B298A1BA05A3A68CA /* [CP] Check Pods Manifest.lock */,
				584CD17B22CD27BB00CA4215 /* Sources */,
				584CD17C22CD27BB00CA4215 /* Frameworks */,
				584CD17D22CD27BB00CA4215 /* Resources */,
				0BDE844F79BD736784AD28D9 /* [CP] Embed Pods Frameworks */,
			);
			buildRules = (
			);
			dependencies = (
			);
			name = UICollectionView1;
			productName = UICollectionView1;
			productReference = 584CD17F22CD27BB00CA4215 /* UICollectionView1.app */;
			productType = "com.apple.product-type.application";
		};
/* End PBXNativeTarget section */

/* Begin PBXProject section */
		584CD17722CD27BB00CA4215 /* Project object */ = {
			isa = PBXProject;
			attributes = {
				LastSwiftUpdateCheck = 1020;
				LastUpgradeCheck = 1020;
				ORGANIZATIONNAME = strstr;
				TargetAttributes = {
					584CD17E22CD27BB00CA4215 = {
						CreatedOnToolsVersion = 10.2.1;
					};
				};
			};
			buildConfigurationList = 584CD17A22CD27BB00CA4215 /* Build configuration list for PBXProject "UICollectionView1" */;
			compatibilityVersion = "Xcode 9.3";
			developmentRegion = en;
			hasScannedForEncodings = 0;
			knownRegions = (
				en,
				Base,
			);
			mainGroup = 584CD17622CD27BB00CA4215;
			productRefGroup = 584CD18022CD27BB00CA4215 /* Products */;
			projectDirPath = "";
			projectRoot = "";
			targets = (
				584CD17E22CD27BB00CA4215 /* UICollectionView1 */,
			);
		};
/* End PBXProject section */

/* Begin PBXResourcesBuildPhase section */
		584CD17D22CD27BB00CA4215 /* Resources */ = {
			isa = PBXResourcesBuildPhase;
			buildActionMask = 2147483647;
			files = (
				584CD18D22CD27BD00CA4215 /* LaunchScreen.storyboard in Resources */,
				584CD18A22CD27BD00CA4215 /* Assets.xcassets in Resources */,
				584CD18822CD27BB00CA4215 /* Main.storyboard in Resources */,
			);
			runOnlyForDeploymentPostprocessing = 0;
		};
/* End PBXResourcesBuildPhase section */

/* Begin PBXShellScriptBuildPhase section */
		0BDE844F79BD736784AD28D9 /* [CP] Embed Pods Frameworks */ = {
			isa = PBXShellScriptBuildPhase;
			buildActionMask = 2147483647;
			files = (
			);
			inputFileListPaths = (
				"${PODS_ROOT}/Target Support Files/Pods-UICollectionView1/Pods-UICollectionView1-frameworks-${CONFIGURATION}-input-files.xcfilelist",
			);
			name = "[CP] Embed Pods Frameworks";
			outputFileListPaths = (
				"${PODS_ROOT}/Target Support Files/Pods-UICollectionView1/Pods-UICollectionView1-frameworks-${CONFIGURATION}-output-files.xcfilelist",
			);
			runOnlyForDeploymentPostprocessing = 0;
			shellPath = /bin/sh;
			shellScript = "\"${PODS_ROOT}/Target Support Files/Pods-UICollectionView1/Pods-UICollectionView1-frameworks.sh\"\n";
			showEnvVarsInLog = 0;
		};
		A8CCA07B298A1BA05A3A68CA /* [CP] Check Pods Manifest.lock */ = {
			isa = PBXShellScriptBuildPhase;
			buildActionMask = 2147483647;
			files = (
			);
			inputFileListPaths = (
			);
			inputPaths = (
				"${PODS_PODFILE_DIR_PATH}/Podfile.lock",
				"${PODS_ROOT}/Manifest.lock",
			);
			name = "[CP] Check Pods Manifest.lock";
			outputFileListPaths = (
			);
			outputPaths = (
				"$(DERIVED_FILE_DIR)/Pods-UICollectionView1-checkManifestLockResult.txt",
			);
			runOnlyForDeploymentPostprocessing = 0;
			shellPath = /bin/sh;
			shellScript = "diff \"${PODS_PODFILE_DIR_PATH}/Podfile.lock\" \"${PODS_ROOT}/Manifest.lock\" > /dev/null\nif [ $? != 0 ] ; then\n    # print error to STDERR\n    echo \"error: The sandbox is not in sync with the Podfile.lock. Run 'pod install' or update your CocoaPods installation.\" >&2\n    exit 1\nfi\n# This output is used by Xcode 'outputs' to avoid re-running this script phase.\necho \"SUCCESS\" > \"${SCRIPT_OUTPUT_FILE_0}\"\n";
			showEnvVarsInLog = 0;
		};
/* End PBXShellScriptBuildPhase section */

/* Begin PBXSourcesBuildPhase section */
		584CD17B22CD27BB00CA4215 /* Sources */ = {
			isa = PBXSourcesBuildPhase;
			buildActionMask = 2147483647;
			files = (
				584CD19D22CD602A00CA4215 /* Result.swift in Sources */,
				584CD19722CD375200CA4215 /* Flicker.swift in Sources */,
				584CD19522CD342700CA4215 /* MainCollectionViewController.swift in Sources */,
				584CD1A522D2FD1000CA4215 /* MainCollectionViewCell.swift in Sources */,
				584CD18322CD27BB00CA4215 /* AppDelegate.swift in Sources */,
				584CD19B22CD5EE500CA4215 /* FlickrSearchResult.swift in Sources */,
				584CD1A122D2EE7400CA4215 /* UIImageViewExtension.swift in Sources */,
				584CD19922CD523600CA4215 /* FlickrPhoto.swift in Sources */,
			);
			runOnlyForDeploymentPostprocessing = 0;
		};
/* End PBXSourcesBuildPhase section */

/* Begin PBXVariantGroup section */
		584CD18622CD27BB00CA4215 /* Main.storyboard */ = {
			isa = PBXVariantGroup;
			children = (
				584CD18722CD27BB00CA4215 /* Base */,
			);
			name = Main.storyboard;
			sourceTree = "<group>";
		};
		584CD18B22CD27BD00CA4215 /* LaunchScreen.storyboard */ = {
			isa = PBXVariantGroup;
			children = (
				584CD18C22CD27BD00CA4215 /* Base */,
			);
			name = LaunchScreen.storyboard;
			sourceTree = "<group>";
		};
/* End PBXVariantGroup section */

/* Begin XCBuildConfiguration section */
		584CD18F22CD27BD00CA4215 /* Debug */ = {
			isa = XCBuildConfiguration;
			buildSettings = {
				ALWAYS_SEARCH_USER_PATHS = NO;
				CLANG_ANALYZER_NONNULL = YES;
				CLANG_ANALYZER_NUMBER_OBJECT_CONVERSION = YES_AGGRESSIVE;
				CLANG_CXX_LANGUAGE_STANDARD = "gnu++14";
				CLANG_CXX_LIBRARY = "libc++";
				CLANG_ENABLE_MODULES = YES;
				CLANG_ENABLE_OBJC_ARC = YES;
				CLANG_ENABLE_OBJC_WEAK = YES;
				CLANG_WARN_BLOCK_CAPTURE_AUTORELEASING = YES;
				CLANG_WARN_BOOL_CONVERSION = YES;
				CLANG_WARN_COMMA = YES;
				CLANG_WARN_CONSTANT_CONVERSION = YES;
				CLANG_WARN_DEPRECATED_OBJC_IMPLEMENTATIONS = YES;
				CLANG_WARN_DIRECT_OBJC_ISA_USAGE = YES_ERROR;
				CLANG_WARN_DOCUMENTATION_COMMENTS = YES;
				CLANG_WARN_EMPTY_BODY = YES;
				CLANG_WARN_ENUM_CONVERSION = YES;
				CLANG_WARN_INFINITE_RECURSION = YES;
				CLANG_WARN_INT_CONVERSION = YES;
				CLANG_WARN_NON_LITERAL_NULL_CONVERSION = YES;
				CLANG_WARN_OBJC_IMPLICIT_RETAIN_SELF = YES;
				CLANG_WARN_OBJC_LITERAL_CONVERSION = YES;
				CLANG_WARN_OBJC_ROOT_CLASS = YES_ERROR;
				CLANG_WARN_RANGE_LOOP_ANALYSIS = YES;
				CLANG_WARN_STRICT_PROTOTYPES = YES;
				CLANG_WARN_SUSPICIOUS_MOVE = YES;
				CLANG_WARN_UNGUARDED_AVAILABILITY = YES_AGGRESSIVE;
				CLANG_WARN_UNREACHABLE_CODE = YES;
				CLANG_WARN__DUPLICATE_METHOD_MATCH = YES;
				CODE_SIGN_IDENTITY = "iPhone Developer";
				COPY_PHASE_STRIP = NO;
				DEBUG_INFORMATION_FORMAT = dwarf;
				ENABLE_STRICT_OBJC_MSGSEND = YES;
				ENABLE_TESTABILITY = YES;
				GCC_C_LANGUAGE_STANDARD = gnu11;
				GCC_DYNAMIC_NO_PIC = NO;
				GCC_NO_COMMON_BLOCKS = YES;
				GCC_OPTIMIZATION_LEVEL = 0;
				GCC_PREPROCESSOR_DEFINITIONS = (
					"DEBUG=1",
					"$(inherited)",
				);
				GCC_WARN_64_TO_32_BIT_CONVERSION = YES;
				GCC_WARN_ABOUT_RETURN_TYPE = YES_ERROR;
				GCC_WARN_UNDECLARED_SELECTOR = YES;
				GCC_WARN_UNINITIALIZED_AUTOS = YES_AGGRESSIVE;
				GCC_WARN_UNUSED_FUNCTION = YES;
				GCC_WARN_UNUSED_VARIABLE = YES;
				IPHONEOS_DEPLOYMENT_TARGET = 12.2;
				MTL_ENABLE_DEBUG_INFO = INCLUDE_SOURCE;
				MTL_FAST_MATH = YES;
				ONLY_ACTIVE_ARCH = YES;
				SDKROOT = iphoneos;
				SWIFT_ACTIVE_COMPILATION_CONDITIONS = DEBUG;
				SWIFT_OPTIMIZATION_LEVEL = "-Onone";
			};
			name = Debug;
		};
		584CD19022CD27BD00CA4215 /* Release */ = {
			isa = XCBuildConfiguration;
			buildSettings = {
				ALWAYS_SEARCH_USER_PATHS = NO;
				CLANG_ANALYZER_NONNULL = YES;
				CLANG_ANALYZER_NUMBER_OBJECT_CONVERSION = YES_AGGRESSIVE;
				CLANG_CXX_LANGUAGE_STANDARD = "gnu++14";
				CLANG_CXX_LIBRARY = "libc++";
				CLANG_ENABLE_MODULES = YES;
				CLANG_ENABLE_OBJC_ARC = YES;
				CLANG_ENABLE_OBJC_WEAK = YES;
				CLANG_WARN_BLOCK_CAPTURE_AUTORELEASING = YES;
				CLANG_WARN_BOOL_CONVERSION = YES;
				CLANG_WARN_COMMA = YES;
				CLANG_WARN_CONSTANT_CONVERSION = YES;
				CLANG_WARN_DEPRECATED_OBJC_IMPLEMENTATIONS = YES;
				CLANG_WARN_DIRECT_OBJC_ISA_USAGE = YES_ERROR;
				CLANG_WARN_DOCUMENTATION_COMMENTS = YES;
				CLANG_WARN_EMPTY_BODY = YES;
				CLANG_WARN_ENUM_CONVERSION = YES;
				CLANG_WARN_INFINITE_RECURSION = YES;
				CLANG_WARN_INT_CONVERSION = YES;
				CLANG_WARN_NON_LITERAL_NULL_CONVERSION = YES;
				CLANG_WARN_OBJC_IMPLICIT_RETAIN_SELF = YES;
				CLANG_WARN_OBJC_LITERAL_CONVERSION = YES;
				CLANG_WARN_OBJC_ROOT_CLASS = YES_ERROR;
				CLANG_WARN_RANGE_LOOP_ANALYSIS = YES;
				CLANG_WARN_STRICT_PROTOTYPES = YES;
				CLANG_WARN_SUSPICIOUS_MOVE = YES;
				CLANG_WARN_UNGUARDED_AVAILABILITY = YES_AGGRESSIVE;
				CLANG_WARN_UNREACHABLE_CODE = YES;
				CLANG_WARN__DUPLICATE_METHOD_MATCH = YES;
				CODE_SIGN_IDENTITY = "iPhone Developer";
				COPY_PHASE_STRIP = NO;
				DEBUG_INFORMATION_FORMAT = "dwarf-with-dsym";
				ENABLE_NS_ASSERTIONS = NO;
				ENABLE_STRICT_OBJC_MSGSEND = YES;
				GCC_C_LANGUAGE_STANDARD = gnu11;
				GCC_NO_COMMON_BLOCKS = YES;
				GCC_WARN_64_TO_32_BIT_CONVERSION = YES;
				GCC_WARN_ABOUT_RETURN_TYPE = YES_ERROR;
				GCC_WARN_UNDECLARED_SELECTOR = YES;
				GCC_WARN_UNINITIALIZED_AUTOS = YES_AGGRESSIVE;
				GCC_WARN_UNUSED_FUNCTION = YES;
				GCC_WARN_UNUSED_VARIABLE = YES;
				IPHONEOS_DEPLOYMENT_TARGET = 12.2;
				MTL_ENABLE_DEBUG_INFO = NO;
				MTL_FAST_MATH = YES;
				SDKROOT = iphoneos;
				SWIFT_COMPILATION_MODE = wholemodule;
				SWIFT_OPTIMIZATION_LEVEL = "-O";
				VALIDATE_PRODUCT = YES;
			};
			name = Release;
		};
		584CD19222CD27BD00CA4215 /* Debug */ = {
			isa = XCBuildConfiguration;
			baseConfigurationReference = 1A56EE57939E907A23875B00 /* Pods-UICollectionView1.debug.xcconfig */;
			buildSettings = {
				ASSETCATALOG_COMPILER_APPICON_NAME = AppIcon;
				CODE_SIGN_STYLE = Automatic;
				DEVELOPMENT_TEAM = VMV2SZX75U;
				INFOPLIST_FILE = UICollectionView1/Info.plist;
				LD_RUNPATH_SEARCH_PATHS = (
					"$(inherited)",
					"@executable_path/Frameworks",
				);
				PRODUCT_BUNDLE_IDENTIFIER = io.strstr.UICollectionView.1;
				PRODUCT_NAME = "$(TARGET_NAME)";
				SWIFT_VERSION = 5.0;
				TARGETED_DEVICE_FAMILY = "1,2";
			};
			name = Debug;
		};
		584CD19322CD27BD00CA4215 /* Release */ = {
			isa = XCBuildConfiguration;
			baseConfigurationReference = 5AE25EE4CF064F5C2B83335A /* Pods-UICollectionView1.release.xcconfig */;
			buildSettings = {
				ASSETCATALOG_COMPILER_APPICON_NAME = AppIcon;
				CODE_SIGN_STYLE = Automatic;
				DEVELOPMENT_TEAM = VMV2SZX75U;
				INFOPLIST_FILE = UICollectionView1/Info.plist;
				LD_RUNPATH_SEARCH_PATHS = (
					"$(inherited)",
					"@executable_path/Frameworks",
				);
				PRODUCT_BUNDLE_IDENTIFIER = io.strstr.UICollectionView.1;
				PRODUCT_NAME = "$(TARGET_NAME)";
				SWIFT_VERSION = 5.0;
				TARGETED_DEVICE_FAMILY = "1,2";
			};
			name = Release;
		};
/* End XCBuildConfiguration section */

/* Begin XCConfigurationList section */
		584CD17A22CD27BB00CA4215 /* Build configuration list for PBXProject "UICollectionView1" */ = {
			isa = XCConfigurationList;
			buildConfigurations = (
				584CD18F22CD27BD00CA4215 /* Debug */,
				584CD19022CD27BD00CA4215 /* Release */,
			);
			defaultConfigurationIsVisible = 0;
			defaultConfigurationName = Release;
		};
		584CD19122CD27BD00CA4215 /* Build configuration list for PBXNativeTarget "UICollectionView1" */ = {
			isa = XCConfigurationList;
			buildConfigurations = (
				584CD19222CD27BD00CA4215 /* Debug */,
				584CD19322CD27BD00CA4215 /* Release */,
			);
			defaultConfigurationIsVisible = 0;
			defaultConfigurationName = Release;
		};
/* End XCConfigurationList section */
	};
	rootObject = 584CD17722CD27BB00CA4215 /* Project object */;
}
